
Microsoft Visual Studio Solution File, Format Version 12.00
# Visual Studio Version 16
VisualStudioVersion = 16.0.29215.179
MinimumVisualStudioVersion = 10.0.40219.1
Project("{FAE04EC0-301F-11D3-BF4B-00C04F79EFBC}") = "HardwareManager", "HardwareManager\HardwareManager.csproj", "{864FBEE6-C893-4D91-B2D4-62C752CEBD4D}"
EndProject
Project("{FAE04EC0-301F-11D3-BF4B-00C04F79EFBC}") = "WindowsFormsApp1", "WindowsFormsApp1\WindowsFormsApp1.csproj", "{6FBC16D0-0BD7-4230-8826-914B39C31BFA}"
EndProject
Project("{FAE04EC0-301F-11D3-BF4B-00C04F79EFBC}") = "SusiCommon", "SusiCommon\SusiCommon.csproj", "{E1E7F209-C163-470E-BE45-64FF2CFB58D6}"
EndProject
Project("{2150E333-8FDC-42A3-9474-1A3956D46DE8}") = "Plugins", "Plugins", "{55568B65-799F-4EB5-B962-4E7931FC7200}"
EndProject
Project("{FAE04EC0-301F-11D3-BF4B-00C04F79EFBC}") = "DeviceGSensor", "SusiCommon\Plugins\DeviceGsensor\DeviceGSensor.csproj", "{ECA7D941-7ADC-4001-B006-31735644FC18}"
EndProject
Project("{FAE04EC0-301F-11D3-BF4B-00C04F79EFBC}") = "DevicePoE", "SusiCommon\Plugins\DevicePoE\DevicePoE.csproj", "{C6907975-08AC-4753-AE4E-8765C9CC67D1}"
EndProject
Project("{FAE04EC0-301F-11D3-BF4B-00C04F79EFBC}") = "SusiGPIO", "SusiCommon\Plugins\SusiGPIO\SusiGPIO.csproj", "{FD8F450F-ABF3-43C4-BF68-E6D52EA8746A}"
EndProject
Project("{FAE04EC0-301F-11D3-BF4B-00C04F79EFBC}") = "SusiHWM", "SusiCommon\Plugins\SusiHWM\SusiHWM.csproj", "{52F616CC-8DEF-4CED-A346-EBE47C3F3CB9}"
EndProject
Project("{FAE04EC0-301F-11D3-BF4B-00C04F79EFBC}") = "SusiI2C", "SusiCommon\Plugins\SusiI2C\SusiI2C.csproj", "{33180189-41F6-41D4-B131-12CE60A6F81A}"
EndProject
Project("{FAE04EC0-301F-11D3-BF4B-00C04F79EFBC}") = "SusiInformation", "SusiCommon\Plugins\SusiInformation\SusiInformation.csproj", "{42EDAD90-443D-4E89-8885-B525D3CA415E}"
EndProject
Project("{FAE04EC0-301F-11D3-BF4B-00C04F79EFBC}") = "SusiSmartFan", "SusiCommon\Plugins\SusiSmartFan\SusiSmartFan.csproj", "{5C0A58CD-6F85-4F6A-A369-9292A9D5108E}"
EndProject
Project("{FAE04EC0-301F-11D3-BF4B-00C04F79EFBC}") = "SusiSMBus", "SusiCommon\Plugins\SusiSMBus\SusiSMBus.csproj", "{2DFF3F4A-F4E1-409C-8957-1DA47F2E1217}"
EndProject
Project("{FAE04EC0-301F-11D3-BF4B-00C04F79EFBC}") = "SusiStorage", "SusiCommon\Plugins\SusiStorage\SusiStorage.csproj", "{9A27C48B-77BF-4EB9-95E6-D78DCD00523D}"
EndProject
Project("{FAE04EC0-301F-11D3-BF4B-00C04F79EFBC}") = "SusiThermalProtect", "SusiCommon\Plugins\SusiThermalProtect\SusiThermalProtect.csproj", "{28B89925-BEF0-42E5-A64E-C5425C9B6598}"
EndProject
Project("{FAE04EC0-301F-11D3-BF4B-00C04F79EFBC}") = "SusiVGA", "SusiCommon\Plugins\SusiVGA\SusiVGA.csproj", "{4F7C1B19-3D02-49AE-8621-2AE069DE1463}"
EndProject
Project("{FAE04EC0-301F-11D3-BF4B-00C04F79EFBC}") = "SusiWDT", "SusiCommon\Plugins\SusiWDT\SusiWDT.csproj", "{8213CDFB-9F0F-4B06-A20E-5560BF9DA461}"
EndProject
Global
	GlobalSection(SolutionConfigurationPlatforms) = preSolution
		Debug|Any CPU = Debug|Any CPU
		Debug|x86 = Debug|x86
		Release|Any CPU = Release|Any CPU
		Release|x86 = Release|x86
	EndGlobalSection
	GlobalSection(ProjectConfigurationPlatforms) = postSolution
		{864FBEE6-C893-4D91-B2D4-62C752CEBD4D}.Debug|Any CPU.ActiveCfg = Debug|Any CPU
		{864FBEE6-C893-4D91-B2D4-62C752CEBD4D}.Debug|Any CPU.Build.0 = Debug|Any CPU
		{864FBEE6-C893-4D91-B2D4-62C752CEBD4D}.Debug|x86.ActiveCfg = Debug|Any CPU
		{864FBEE6-C893-4D91-B2D4-62C752CEBD4D}.Debug|x86.Build.0 = Debug|Any CPU
		{864FBEE6-C893-4D91-B2D4-62C752CEBD4D}.Release|Any CPU.ActiveCfg = Release|Any CPU
		{864FBEE6-C893-4D91-B2D4-62C752CEBD4D}.Release|Any CPU.Build.0 = Release|Any CPU
		{864FBEE6-C893-4D91-B2D4-62C752CEBD4D}.Release|x86.ActiveCfg = Release|Any CPU
		{864FBEE6-C893-4D91-B2D4-62C752CEBD4D}.Release|x86.Build.0 = Release|Any CPU
		{6FBC16D0-0BD7-4230-8826-914B39C31BFA}.Debug|Any CPU.ActiveCfg = Debug|Any CPU
		{6FBC16D0-0BD7-4230-8826-914B39C31BFA}.Debug|Any CPU.Build.0 = Debug|Any CPU
		{6FBC16D0-0BD7-4230-8826-914B39C31BFA}.Debug|x86.ActiveCfg = Debug|Any CPU
		{6FBC16D0-0BD7-4230-8826-914B39C31BFA}.Debug|x86.Build.0 = Debug|Any CPU
		{6FBC16D0-0BD7-4230-8826-914B39C31BFA}.Release|Any CPU.ActiveCfg = Release|Any CPU
		{6FBC16D0-0BD7-4230-8826-914B39C31BFA}.Release|Any CPU.Build.0 = Release|Any CPU
		{6FBC16D0-0BD7-4230-8826-914B39C31BFA}.Release|x86.ActiveCfg = Release|Any CPU
		{6FBC16D0-0BD7-4230-8826-914B39C31BFA}.Release|x86.Build.0 = Release|Any CPU
		{E1E7F209-C163-470E-BE45-64FF2CFB58D6}.Debug|Any CPU.ActiveCfg = Debug|Any CPU
		{E1E7F209-C163-470E-BE45-64FF2CFB58D6}.Debug|Any CPU.Build.0 = Debug|Any CPU
		{E1E7F209-C163-470E-BE45-64FF2CFB58D6}.Debug|x86.ActiveCfg = Debug|Any CPU
		{E1E7F209-C163-470E-BE45-64FF2CFB58D6}.Debug|x86.Build.0 = Debug|Any CPU
		{E1E7F209-C163-470E-BE45-64FF2CFB58D6}.Release|Any CPU.ActiveCfg = Release|Any CPU
		{E1E7F209-C163-470E-BE45-64FF2CFB58D6}.Release|Any CPU.Build.0 = Release|Any CPU
		{E1E7F209-C163-470E-BE45-64FF2CFB58D6}.Release|x86.ActiveCfg = Release|Any CPU
		{E1E7F209-C163-470E-BE45-64FF2CFB58D6}.Release|x86.Build.0 = Release|Any CPU
		{ECA7D941-7ADC-4001-B006-31735644FC18}.Debug|Any CPU.ActiveCfg = Debug|Any CPU
		{ECA7D941-7ADC-4001-B006-31735644FC18}.Debug|Any CPU.Build.0 = Debug|Any CPU
		{ECA7D941-7ADC-4001-B006-31735644FC18}.Debug|x86.ActiveCfg = Debug|Any CPU
		{ECA7D941-7ADC-4001-B006-31735644FC18}.Debug|x86.Build.0 = Debug|Any CPU
		{ECA7D941-7ADC-4001-B006-31735644FC18}.Release|Any CPU.ActiveCfg = Release|Any CPU
		{ECA7D941-7ADC-4001-B006-31735644FC18}.Release|Any CPU.Build.0 = Release|Any CPU
		{ECA7D941-7ADC-4001-B006-31735644FC18}.Release|x86.ActiveCfg = Release|Any CPU
		{ECA7D941-7ADC-4001-B006-31735644FC18}.Release|x86.Build.0 = Release|Any CPU
		{C6907975-08AC-4753-AE4E-8765C9CC67D1}.Debug|Any CPU.ActiveCfg = Debug|Any CPU
		{C6907975-08AC-4753-AE4E-8765C9CC67D1}.Debug|Any CPU.Build.0 = Debug|Any CPU
		{C6907975-08AC-4753-AE4E-8765C9CC67D1}.Debug|x86.ActiveCfg = Debug|x86
		{C6907975-08AC-4753-AE4E-8765C9CC67D1}.Debug|x86.Build.0 = Debug|x86
		{C6907975-08AC-4753-AE4E-8765C9CC67D1}.Release|Any CPU.ActiveCfg = Release|Any CPU
		{C6907975-08AC-4753-AE4E-8765C9CC67D1}.Release|Any CPU.Build.0 = Release|Any CPU
		{C6907975-08AC-4753-AE4E-8765C9CC67D1}.Release|x86.ActiveCfg = Release|x86
		{C6907975-08AC-4753-AE4E-8765C9CC67D1}.Release|x86.Build.0 = Release|x86
		{FD8F450F-ABF3-43C4-BF68-E6D52EA8746A}.Debug|Any CPU.ActiveCfg = Debug|Any CPU
		{FD8F450F-ABF3-43C4-BF68-E6D52EA8746A}.Debug|Any CPU.Build.0 = Debug|Any CPU
		{FD8F450F-ABF3-43C4-BF68-E6D52EA8746A}.Debug|x86.ActiveCfg = Debug|Any CPU
		{FD8F450F-ABF3-43C4-BF68-E6D52EA8746A}.Debug|x86.Build.0 = Debug|Any CPU
		{FD8F450F-ABF3-43C4-BF68-E6D52EA8746A}.Release|Any CPU.ActiveCfg = Release|Any CPU
		{FD8F450F-ABF3-43C4-BF68-E6D52EA8746A}.Release|Any CPU.Build.0 = Release|Any CPU
		{FD8F450F-ABF3-43C4-BF68-E6D52EA8746A}.Release|x86.ActiveCfg = Release|Any CPU
		{FD8F450F-ABF3-43C4-BF68-E6D52EA8746A}.Release|x86.Build.0 = Release|Any CPU
		{52F616CC-8DEF-4CED-A346-EBE47C3F3CB9}.Debug|Any CPU.ActiveCfg = Debug|Any CPU
		{52F616CC-8DEF-4CED-A346-EBE47C3F3CB9}.Debug|Any CPU.Build.0 = Debug|Any CPU
		{52F616CC-8DEF-4CED-A346-EBE47C3F3CB9}.Debug|x86.ActiveCfg = Debug|Any CPU
		{52F616CC-8DEF-4CED-A346-EBE47C3F3CB9}.Debug|x86.Build.0 = Debug|Any CPU
		{52F616CC-8DEF-4CED-A346-EBE47C3F3CB9}.Release|Any CPU.ActiveCfg = Release|Any CPU
		{52F616CC-8DEF-4CED-A346-EBE47C3F3CB9}.Release|Any CPU.Build.0 = Release|Any CPU
		{52F616CC-8DEF-4CED-A346-EBE47C3F3CB9}.Release|x86.ActiveCfg = Release|Any CPU
		{52F616CC-8DEF-4CED-A346-EBE47C3F3CB9}.Release|x86.Build.0 = Release|Any CPU
		{33180189-41F6-41D4-B131-12CE60A6F81A}.Debug|Any CPU.ActiveCfg = Debug|Any CPU
		{33180189-41F6-41D4-B131-12CE60A6F81A}.Debug|Any CPU.Build.0 = Debug|Any CPU
		{33180189-41F6-41D4-B131-12CE60A6F81A}.Debug|x86.ActiveCfg = Debug|Any CPU
		{33180189-41F6-41D4-B131-12CE60A6F81A}.Debug|x86.Build.0 = Debug|Any CPU
		{33180189-41F6-41D4-B131-12CE60A6F81A}.Release|Any CPU.ActiveCfg = Release|Any CPU
		{33180189-41F6-41D4-B131-12CE60A6F81A}.Release|Any CPU.Build.0 = Release|Any CPU
		{33180189-41F6-41D4-B131-12CE60A6F81A}.Release|x86.ActiveCfg = Release|Any CPU
		{33180189-41F6-41D4-B131-12CE60A6F81A}.Release|x86.Build.0 = Release|Any CPU
		{42EDAD90-443D-4E89-8885-B525D3CA415E}.Debug|Any CPU.ActiveCfg = Debug|Any CPU
		{42EDAD90-443D-4E89-8885-B525D3CA415E}.Debug|Any CPU.Build.0 = Debug|Any CPU
		{42EDAD90-443D-4E89-8885-B525D3CA415E}.Debug|x86.ActiveCfg = Debug|Any CPU
		{42EDAD90-443D-4E89-8885-B525D3CA415E}.Debug|x86.Build.0 = Debug|Any CPU
		{42EDAD90-443D-4E89-8885-B525D3CA415E}.Release|Any CPU.ActiveCfg = Release|Any CPU
		{42EDAD90-443D-4E89-8885-B525D3CA415E}.Release|Any CPU.Build.0 = Release|Any CPU
		{42EDAD90-443D-4E89-8885-B525D3CA415E}.Release|x86.ActiveCfg = Release|Any CPU
		{42EDAD90-443D-4E89-8885-B525D3CA415E}.Release|x86.Build.0 = Release|Any CPU
		{5C0A58CD-6F85-4F6A-A369-9292A9D5108E}.Debug|Any CPU.ActiveCfg = Debug|Any CPU
		{5C0A58CD-6F85-4F6A-A369-9292A9D5108E}.Debug|Any CPU.Build.0 = Debug|Any CPU
		{5C0A58CD-6F85-4F6A-A369-9292A9D5108E}.Debug|x86.ActiveCfg = Debug|Any CPU
		{5C0A58CD-6F85-4F6A-A369-9292A9D5108E}.Debug|x86.Build.0 = Debug|Any CPU
		{5C0A58CD-6F85-4F6A-A369-9292A9D5108E}.Release|Any CPU.ActiveCfg = Release|Any CPU
		{5C0A58CD-6F85-4F6A-A369-9292A9D5108E}.Release|Any CPU.Build.0 = Release|Any CPU
		{5C0A58CD-6F85-4F6A-A369-9292A9D5108E}.Release|x86.ActiveCfg = Release|Any CPU
		{5C0A58CD-6F85-4F6A-A369-9292A9D5108E}.Release|x86.Build.0 = Release|Any CPU
		{2DFF3F4A-F4E1-409C-8957-1DA47F2E1217}.Debug|Any CPU.ActiveCfg = Debug|Any CPU
		{2DFF3F4A-F4E1-409C-8957-1DA47F2E1217}.Debug|Any CPU.Build.0 = Debug|Any CPU
		{2DFF3F4A-F4E1-409C-8957-1DA47F2E1217}.Debug|x86.ActiveCfg = Debug|Any CPU
		{2DFF3F4A-F4E1-409C-8957-1DA47F2E1217}.Debug|x86.Build.0 = Debug|Any CPU
		{2DFF3F4A-F4E1-409C-8957-1DA47F2E1217}.Release|Any CPU.ActiveCfg = Release|Any CPU
		{2DFF3F4A-F4E1-409C-8957-1DA47F2E1217}.Release|Any CPU.Build.0 = Release|Any CPU
		{2DFF3F4A-F4E1-409C-8957-1DA47F2E1217}.Release|x86.ActiveCfg = Release|Any CPU
		{2DFF3F4A-F4E1-409C-8957-1DA47F2E1217}.Release|x86.Build.0 = Release|Any CPU
		{9A27C48B-77BF-4EB9-95E6-D78DCD00523D}.Debug|Any CPU.ActiveCfg = Debug|Any CPU
		{9A27C48B-77BF-4EB9-95E6-D78DCD00523D}.Debug|Any CPU.Build.0 = Debug|Any CPU
		{9A27C48B-77BF-4EB9-95E6-D78DCD00523D}.Debug|x86.ActiveCfg = Debug|Any CPU
		{9A27C48B-77BF-4EB9-95E6-D78DCD00523D}.Debug|x86.Build.0 = Debug|Any CPU
		{9A27C48B-77BF-4EB9-95E6-D78DCD00523D}.Release|Any CPU.ActiveCfg = Release|Any CPU
		{9A27C48B-77BF-4EB9-95E6-D78DCD00523D}.Release|Any CPU.Build.0 = Release|Any CPU
		{9A27C48B-77BF-4EB9-95E6-D78DCD00523D}.Release|x86.ActiveCfg = Release|Any CPU
		{9A27C48B-77BF-4EB9-95E6-D78DCD00523D}.Release|x86.Build.0 = Release|Any CPU
		{28B89925-BEF0-42E5-A64E-C5425C9B6598}.Debug|Any CPU.ActiveCfg = Debug|Any CPU
		{28B89925-BEF0-42E5-A64E-C5425C9B6598}.Debug|Any CPU.Build.0 = Debug|Any CPU
		{28B89925-BEF0-42E5-A64E-C5425C9B6598}.Debug|x86.ActiveCfg = Debug|Any CPU
		{28B89925-BEF0-42E5-A64E-C5425C9B6598}.Debug|x86.Build.0 = Debug|Any CPU
		{28B89925-BEF0-42E5-A64E-C5425C9B6598}.Release|Any CPU.ActiveCfg = Release|Any CPU
		{28B89925-BEF0-42E5-A64E-C5425C9B6598}.Release|Any CPU.Build.0 = Release|Any CPU
		{28B89925-BEF0-42E5-A64E-C5425C9B6598}.Release|x86.ActiveCfg = Release|Any CPU
		{28B89925-BEF0-42E5-A64E-C5425C9B6598}.Release|x86.Build.0 = Release|Any CPU
		{4F7C1B19-3D02-49AE-8621-2AE069DE1463}.Debug|Any CPU.ActiveCfg = Debug|Any CPU
		{4F7C1B19-3D02-49AE-8621-2AE069DE1463}.Debug|Any CPU.Build.0 = Debug|Any CPU
		{4F7C1B19-3D02-49AE-8621-2AE069DE1463}.Debug|x86.ActiveCfg = Debug|Any CPU
		{4F7C1B19-3D02-49AE-8621-2AE069DE1463}.Debug|x86.Build.0 = Debug|Any CPU
		{4F7C1B19-3D02-49AE-8621-2AE069DE1463}.Release|Any CPU.ActiveCfg = Release|Any CPU
		{4F7C1B19-3D02-49AE-8621-2AE069DE1463}.Release|Any CPU.Build.0 = Release|Any CPU
		{4F7C1B19-3D02-49AE-8621-2AE069DE1463}.Release|x86.ActiveCfg = Release|Any CPU
		{4F7C1B19-3D02-49AE-8621-2AE069DE1463}.Release|x86.Build.0 = Release|Any CPU
		{8213CDFB-9F0F-4B06-A20E-5560BF9DA461}.Debug|Any CPU.ActiveCfg = Debug|Any CPU
		{8213CDFB-9F0F-4B06-A20E-5560BF9DA461}.Debug|Any CPU.Build.0 = Debug|Any CPU
		{8213CDFB-9F0F-4B06-A20E-5560BF9DA461}.Debug|x86.ActiveCfg = Debug|Any CPU
		{8213CDFB-9F0F-4B06-A20E-5560BF9DA461}.Debug|x86.Build.0 = Debug|Any CPU
		{8213CDFB-9F0F-4B06-A20E-5560BF9DA461}.Release|Any CPU.ActiveCfg = Release|Any CPU
		{8213CDFB-9F0F-4B06-A20E-5560BF9DA461}.Release|Any CPU.Build.0 = Release|Any CPU
		{8213CDFB-9F0F-4B06-A20E-5560BF9DA461}.Release|x86.ActiveCfg = Release|Any CPU
		{8213CDFB-9F0F-4B06-A20E-5560BF9DA461}.Release|x86.Build.0 = Release|Any CPU
	EndGlobalSection
	GlobalSection(SolutionProperties) = preSolution
		HideSolutionNode = FALSE
	EndGlobalSection
	GlobalSection(NestedProjects) = preSolution
		{ECA7D941-7ADC-4001-B006-31735644FC18} = {55568B65-799F-4EB5-B962-4E7931FC7200}
		{C6907975-08AC-4753-AE4E-8765C9CC67D1} = {55568B65-799F-4EB5-B962-4E7931FC7200}
		{FD8F450F-ABF3-43C4-BF68-E6D52EA8746A} = {55568B65-799F-4EB5-B962-4E7931FC7200}
		{52F616CC-8DEF-4CED-A346-EBE47C3F3CB9} = {55568B65-799F-4EB5-B962-4E7931FC7200}
		{33180189-41F6-41D4-B131-12CE60A6F81A} = {55568B65-799F-4EB5-B962-4E7931FC7200}
		{42EDAD90-443D-4E89-8885-B525D3CA415E} = {55568B65-799F-4EB5-B962-4E7931FC7200}
		{5C0A58CD-6F85-4F6A-A369-9292A9D5108E} = {55568B65-799F-4EB5-B962-4E7931FC7200}
		{2DFF3F4A-F4E1-409C-8957-1DA47F2E1217} = {55568B65-799F-4EB5-B962-4E7931FC7200}
		{9A27C48B-77BF-4EB9-95E6-D78DCD00523D} = {55568B65-799F-4EB5-B962-4E7931FC7200}
		{28B89925-BEF0-42E5-A64E-C5425C9B6598} = {55568B65-799F-4EB5-B962-4E7931FC7200}
		{4F7C1B19-3D02-49AE-8621-2AE069DE1463} = {55568B65-799F-4EB5-B962-4E7931FC7200}
		{8213CDFB-9F0F-4B06-A20E-5560BF9DA461} = {55568B65-799F-4EB5-B962-4E7931FC7200}
	EndGlobalSection
	GlobalSection(ExtensibilityGlobals) = postSolution
		SolutionGuid = {903EA5DA-6158-4992-BF6D-37B9FC4853D7}
	EndGlobalSection
EndGlobal
